
Microsoft Visual Studio Solution File, Format Version 12.00
# Visual Studio Version 16
VisualStudioVersion = 16.0.29020.237
MinimumVisualStudioVersion = 10.0.40219.1
Project("{8BC9CEB8-8B4A-11D0-8D11-00A0C91BC942}") = "DoubleTripleDES", "IMP\IMP.vcxproj", "{731558EF-E065-4C62-9F2F-EC9894C5516D}"
EndProject
Project("{8BC9CEB8-8B4A-11D0-8D11-00A0C91BC942}") = "STB_34_101_31_2011", "STB_34_101_31_2011\STB_34_101_31_2011.vcxproj", "{E7547319-97C3-4324-970E-21F1B4A62C7A}"
EndProject
Project("{8BC9CEB8-8B4A-11D0-8D11-00A0C91BC942}") = "RSA", "RSA\RSA.vcxproj", "{94642ACE-EC7F-41F8-AACE-DE0A2D259430}"
EndProject
Project("{8BC9CEB8-8B4A-11D0-8D11-00A0C91BC942}") = "ElGamal", "ElGamal\ElGamal.vcxproj", "{BDFBC599-E161-4CCD-9392-72B3715D9315}"
EndProject
Project("{8BC9CEB8-8B4A-11D0-8D11-00A0C91BC942}") = "HMAC", "HMAC\HMAC.vcxproj", "{D2748BDE-0F71-43B9-8E2B-430E21BD3DCA}"
EndProject
Project("{8BC9CEB8-8B4A-11D0-8D11-00A0C91BC942}") = "GOST3410_2018", "GOST3410_2018\GOST3410_2018.vcxproj", "{5CD8A110-E6C1-4B20-AF2B-0A1047E427CC}"
EndProject
Project("{8BC9CEB8-8B4A-11D0-8D11-00A0C91BC942}") = "DiffieHellman", "DiffieHellman\DiffieHellman.vcxproj", "{DFEDF109-FB60-40A7-82CA-53823B1F05EA}"
EndProject
Project("{888888A0-9F3D-457C-B088-3A5042F75D52}") = "stenography", "stenography\stenography.pyproj", "{2CCA302C-51A5-4A1C-A9B4-851250B61A26}"
EndProject
Global
	GlobalSection(SolutionConfigurationPlatforms) = preSolution
		Debug|Any CPU = Debug|Any CPU
		Debug|x64 = Debug|x64
		Debug|x86 = Debug|x86
		Release|Any CPU = Release|Any CPU
		Release|x64 = Release|x64
		Release|x86 = Release|x86
	EndGlobalSection
	GlobalSection(ProjectConfigurationPlatforms) = postSolution
		{731558EF-E065-4C62-9F2F-EC9894C5516D}.Debug|Any CPU.ActiveCfg = Debug|Win32
		{731558EF-E065-4C62-9F2F-EC9894C5516D}.Debug|x64.ActiveCfg = Debug|x64
		{731558EF-E065-4C62-9F2F-EC9894C5516D}.Debug|x64.Build.0 = Debug|x64
		{731558EF-E065-4C62-9F2F-EC9894C5516D}.Debug|x86.ActiveCfg = Debug|Win32
		{731558EF-E065-4C62-9F2F-EC9894C5516D}.Debug|x86.Build.0 = Debug|Win32
		{731558EF-E065-4C62-9F2F-EC9894C5516D}.Release|Any CPU.ActiveCfg = Release|Win32
		{731558EF-E065-4C62-9F2F-EC9894C5516D}.Release|x64.ActiveCfg = Release|x64
		{731558EF-E065-4C62-9F2F-EC9894C5516D}.Release|x64.Build.0 = Release|x64
		{731558EF-E065-4C62-9F2F-EC9894C5516D}.Release|x86.ActiveCfg = Release|Win32
		{731558EF-E065-4C62-9F2F-EC9894C5516D}.Release|x86.Build.0 = Release|Win32
		{E7547319-97C3-4324-970E-21F1B4A62C7A}.Debug|Any CPU.ActiveCfg = Debug|Win32
		{E7547319-97C3-4324-970E-21F1B4A62C7A}.Debug|x64.ActiveCfg = Debug|x64
		{E7547319-97C3-4324-970E-21F1B4A62C7A}.Debug|x64.Build.0 = Debug|x64
		{E7547319-97C3-4324-970E-21F1B4A62C7A}.Debug|x86.ActiveCfg = Debug|Win32
		{E7547319-97C3-4324-970E-21F1B4A62C7A}.Debug|x86.Build.0 = Debug|Win32
		{E7547319-97C3-4324-970E-21F1B4A62C7A}.Release|Any CPU.ActiveCfg = Release|Win32
		{E7547319-97C3-4324-970E-21F1B4A62C7A}.Release|x64.ActiveCfg = Release|x64
		{E7547319-97C3-4324-970E-21F1B4A62C7A}.Release|x64.Build.0 = Release|x64
		{E7547319-97C3-4324-970E-21F1B4A62C7A}.Release|x86.ActiveCfg = Release|Win32
		{E7547319-97C3-4324-970E-21F1B4A62C7A}.Release|x86.Build.0 = Release|Win32
		{94642ACE-EC7F-41F8-AACE-DE0A2D259430}.Debug|Any CPU.ActiveCfg = Debug|Win32
		{94642ACE-EC7F-41F8-AACE-DE0A2D259430}.Debug|x64.ActiveCfg = Debug|x64
		{94642ACE-EC7F-41F8-AACE-DE0A2D259430}.Debug|x64.Build.0 = Debug|x64
		{94642ACE-EC7F-41F8-AACE-DE0A2D259430}.Debug|x86.ActiveCfg = Debug|Win32
		{94642ACE-EC7F-41F8-AACE-DE0A2D259430}.Debug|x86.Build.0 = Debug|Win32
		{94642ACE-EC7F-41F8-AACE-DE0A2D259430}.Release|Any CPU.ActiveCfg = Release|Win32
		{94642ACE-EC7F-41F8-AACE-DE0A2D259430}.Release|x64.ActiveCfg = Release|x64
		{94642ACE-EC7F-41F8-AACE-DE0A2D259430}.Release|x64.Build.0 = Release|x64
		{94642ACE-EC7F-41F8-AACE-DE0A2D259430}.Release|x86.ActiveCfg = Release|Win32
		{94642ACE-EC7F-41F8-AACE-DE0A2D259430}.Release|x86.Build.0 = Release|Win32
		{BDFBC599-E161-4CCD-9392-72B3715D9315}.Debug|Any CPU.ActiveCfg = Debug|Win32
		{BDFBC599-E161-4CCD-9392-72B3715D9315}.Debug|x64.ActiveCfg = Debug|x64
		{BDFBC599-E161-4CCD-9392-72B3715D9315}.Debug|x64.Build.0 = Debug|x64
		{BDFBC599-E161-4CCD-9392-72B3715D9315}.Debug|x86.ActiveCfg = Debug|Win32
		{BDFBC599-E161-4CCD-9392-72B3715D9315}.Debug|x86.Build.0 = Debug|Win32
		{BDFBC599-E161-4CCD-9392-72B3715D9315}.Release|Any CPU.ActiveCfg = Release|Win32
		{BDFBC599-E161-4CCD-9392-72B3715D9315}.Release|x64.ActiveCfg = Release|x64
		{BDFBC599-E161-4CCD-9392-72B3715D9315}.Release|x64.Build.0 = Release|x64
		{BDFBC599-E161-4CCD-9392-72B3715D9315}.Release|x86.ActiveCfg = Release|Win32
		{BDFBC599-E161-4CCD-9392-72B3715D9315}.Release|x86.Build.0 = Release|Win32
		{D2748BDE-0F71-43B9-8E2B-430E21BD3DCA}.Debug|Any CPU.ActiveCfg = Debug|Win32
		{D2748BDE-0F71-43B9-8E2B-430E21BD3DCA}.Debug|x64.ActiveCfg = Debug|x64
		{D2748BDE-0F71-43B9-8E2B-430E21BD3DCA}.Debug|x64.Build.0 = Debug|x64
		{D2748BDE-0F71-43B9-8E2B-430E21BD3DCA}.Debug|x86.ActiveCfg = Debug|Win32
		{D2748BDE-0F71-43B9-8E2B-430E21BD3DCA}.Debug|x86.Build.0 = Debug|Win32
		{D2748BDE-0F71-43B9-8E2B-430E21BD3DCA}.Release|Any CPU.ActiveCfg = Release|Win32
		{D2748BDE-0F71-43B9-8E2B-430E21BD3DCA}.Release|x64.ActiveCfg = Release|x64
		{D2748BDE-0F71-43B9-8E2B-430E21BD3DCA}.Release|x64.Build.0 = Release|x64
		{D2748BDE-0F71-43B9-8E2B-430E21BD3DCA}.Release|x86.ActiveCfg = Release|Win32
		{D2748BDE-0F71-43B9-8E2B-430E21BD3DCA}.Release|x86.Build.0 = Release|Win32
		{5CD8A110-E6C1-4B20-AF2B-0A1047E427CC}.Debug|Any CPU.ActiveCfg = Debug|Win32
		{5CD8A110-E6C1-4B20-AF2B-0A1047E427CC}.Debug|x64.ActiveCfg = Debug|x64
		{5CD8A110-E6C1-4B20-AF2B-0A1047E427CC}.Debug|x64.Build.0 = Debug|x64
		{5CD8A110-E6C1-4B20-AF2B-0A1047E427CC}.Debug|x86.ActiveCfg = Debug|Win32
		{5CD8A110-E6C1-4B20-AF2B-0A1047E427CC}.Debug|x86.Build.0 = Debug|Win32
		{5CD8A110-E6C1-4B20-AF2B-0A1047E427CC}.Release|Any CPU.ActiveCfg = Release|Win32
		{5CD8A110-E6C1-4B20-AF2B-0A1047E427CC}.Release|x64.ActiveCfg = Release|x64
		{5CD8A110-E6C1-4B20-AF2B-0A1047E427CC}.Release|x64.Build.0 = Release|x64
		{5CD8A110-E6C1-4B20-AF2B-0A1047E427CC}.Release|x86.ActiveCfg = Release|Win32
		{5CD8A110-E6C1-4B20-AF2B-0A1047E427CC}.Release|x86.Build.0 = Release|Win32
		{DFEDF109-FB60-40A7-82CA-53823B1F05EA}.Debug|Any CPU.ActiveCfg = Debug|Win32
		{DFEDF109-FB60-40A7-82CA-53823B1F05EA}.Debug|x64.ActiveCfg = Debug|x64
		{DFEDF109-FB60-40A7-82CA-53823B1F05EA}.Debug|x64.Build.0 = Debug|x64
		{DFEDF109-FB60-40A7-82CA-53823B1F05EA}.Debug|x86.ActiveCfg = Debug|Win32
		{DFEDF109-FB60-40A7-82CA-53823B1F05EA}.Debug|x86.Build.0 = Debug|Win32
		{DFEDF109-FB60-40A7-82CA-53823B1F05EA}.Release|Any CPU.ActiveCfg = Release|Win32
		{DFEDF109-FB60-40A7-82CA-53823B1F05EA}.Release|x64.ActiveCfg = Release|x64
		{DFEDF109-FB60-40A7-82CA-53823B1F05EA}.Release|x64.Build.0 = Release|x64
		{DFEDF109-FB60-40A7-82CA-53823B1F05EA}.Release|x86.ActiveCfg = Release|Win32
		{DFEDF109-FB60-40A7-82CA-53823B1F05EA}.Release|x86.Build.0 = Release|Win32
		{2CCA302C-51A5-4A1C-A9B4-851250B61A26}.Debug|Any CPU.ActiveCfg = Debug|Any CPU
		{2CCA302C-51A5-4A1C-A9B4-851250B61A26}.Debug|x64.ActiveCfg = Debug|Any CPU
		{2CCA302C-51A5-4A1C-A9B4-851250B61A26}.Debug|x86.ActiveCfg = Debug|Any CPU
		{2CCA302C-51A5-4A1C-A9B4-851250B61A26}.Release|Any CPU.ActiveCfg = Release|Any CPU
		{2CCA302C-51A5-4A1C-A9B4-851250B61A26}.Release|x64.ActiveCfg = Release|Any CPU
		{2CCA302C-51A5-4A1C-A9B4-851250B61A26}.Release|x86.ActiveCfg = Release|Any CPU
	EndGlobalSection
	GlobalSection(SolutionProperties) = preSolution
		HideSolutionNode = FALSE
	EndGlobalSection
	GlobalSection(ExtensibilityGlobals) = postSolution
		SolutionGuid = {D234ADC6-E4D8-4A22-B2C2-829A20CB72C3}
	EndGlobalSection
EndGlobal
